
Microsoft Visual Studio Solution File, Format Version 10.00
# Visual C# Express 2008
Project("{FAE04EC0-301F-11D3-BF4B-00C04F79EFBC}") = "BlackGlassEditor", "BlackGlassEditor\BlackGlassEditor.csproj", "{BA60EF3D-1802-403A-A4A9-23B1DAC1BC93}"
EndProject
Global
	GlobalSection(SolutionConfigurationPlatforms) = preSolution
		Debug|Any CPU = Debug|Any CPU
		Release|Any CPU = Release|Any CPU
	EndGlobalSection
	GlobalSection(ProjectConfigurationPlatforms) = postSolution
		{BA60EF3D-1802-403A-A4A9-23B1DAC1BC93}.Debug|Any CPU.ActiveCfg = Debug|Any CPU
		{BA60EF3D-1802-403A-A4A9-23B1DAC1BC93}.Debug|Any CPU.Build.0 = Debug|Any CPU
		{BA60EF3D-1802-403A-A4A9-23B1DAC1BC93}.Release|Any CPU.ActiveCfg = Release|Any CPU
		{BA60EF3D-1802-403A-A4A9-23B1DAC1BC93}.Release|Any CPU.Build.0 = Release|Any CPU
	EndGlobalSection
	GlobalSection(SolutionProperties) = preSolution
		HideSolutionNode = FALSE
	EndGlobalSection
EndGlobal
